
Microsoft Visual Studio Solution File, Format Version 12.00
# Visual Studio Version 17
VisualStudioVersion = 17.13.35931.197 d17.13
MinimumVisualStudioVersion = 10.0.40219.1
Project("{FAE04EC0-301F-11D3-BF4B-00C04F79EFBC}") = "VERI_TABANLI_SECIM_PROJESI", "VERI_TABANLI_SECIM_PROJESI\VERI_TABANLI_SECIM_PROJESI.csproj", "{407CEB91-6AB5-412B-88E1-00F5B296894F}"
EndProject
Global
	GlobalSection(SolutionConfigurationPlatforms) = preSolution
		Debug|Any CPU = Debug|Any CPU
		Release|Any CPU = Release|Any CPU
	EndGlobalSection
	GlobalSection(ProjectConfigurationPlatforms) = postSolution
		{407CEB91-6AB5-412B-88E1-00F5B296894F}.Debug|Any CPU.ActiveCfg = Debug|Any CPU
		{407CEB91-6AB5-412B-88E1-00F5B296894F}.Debug|Any CPU.Build.0 = Debug|Any CPU
		{407CEB91-6AB5-412B-88E1-00F5B296894F}.Release|Any CPU.ActiveCfg = Release|Any CPU
		{407CEB91-6AB5-412B-88E1-00F5B296894F}.Release|Any CPU.Build.0 = Release|Any CPU
	EndGlobalSection
	GlobalSection(SolutionProperties) = preSolution
		HideSolutionNode = FALSE
	EndGlobalSection
	GlobalSection(ExtensibilityGlobals) = postSolution
		SolutionGuid = {6818CA0E-FF32-48D6-AB7D-CDAB8E1F409A}
	EndGlobalSection
EndGlobal
